
Microsoft Visual Studio Solution File, Format Version 12.00
# Visual Studio Version 17
VisualStudioVersion = 17.0.31903.59
MinimumVisualStudioVersion = 10.0.40219.1
Project("{FAE04EC0-301F-11D3-BF4B-00C04F79EFBC}") = "Community.PowerToys.Run.Plugin.QuickMaths", "Community.PowerToys.Run.Plugin.QuickMaths\Community.PowerToys.Run.Plugin.QuickMaths.csproj", "{C2015F0A-746F-4830-A963-953394EEC682}"
EndProject
Project("{FAE04EC0-301F-11D3-BF4B-00C04F79EFBC}") = "QuickMaths.Tests", "QuickMaths.Tests\QuickMaths.Tests.csproj", "{78934142-AC32-4F0C-AD89-EB9588FE4D02}"
EndProject
Global
	GlobalSection(SolutionConfigurationPlatforms) = preSolution
		Debug|Any CPU = Debug|Any CPU
		Release|Any CPU = Release|Any CPU
	EndGlobalSection
	GlobalSection(SolutionProperties) = preSolution
		HideSolutionNode = FALSE
	EndGlobalSection
	GlobalSection(ProjectConfigurationPlatforms) = postSolution
		{C2015F0A-746F-4830-A963-953394EEC682}.Debug|Any CPU.ActiveCfg = Debug|Any CPU
		{C2015F0A-746F-4830-A963-953394EEC682}.Debug|Any CPU.Build.0 = Debug|Any CPU
		{C2015F0A-746F-4830-A963-953394EEC682}.Release|Any CPU.ActiveCfg = Release|Any CPU
		{C2015F0A-746F-4830-A963-953394EEC682}.Release|Any CPU.Build.0 = Release|Any CPU
		{78934142-AC32-4F0C-AD89-EB9588FE4D02}.Debug|Any CPU.ActiveCfg = Debug|Any CPU
		{78934142-AC32-4F0C-AD89-EB9588FE4D02}.Debug|Any CPU.Build.0 = Debug|Any CPU
		{78934142-AC32-4F0C-AD89-EB9588FE4D02}.Release|Any CPU.ActiveCfg = Release|Any CPU
		{78934142-AC32-4F0C-AD89-EB9588FE4D02}.Release|Any CPU.Build.0 = Release|Any CPU
	EndGlobalSection
EndGlobal
